
Microsoft Visual Studio Solution File, Format Version 12.00
# Visual Studio 15
VisualStudioVersion = 15.0.26124.0
MinimumVisualStudioVersion = 15.0.26124.0
Project("{2150E333-8FDC-42A3-9474-1A3956D46DE8}") = "Src", "Src", "{A77200D1-DE34-4D74-90E3-D25D97AD194F}"
EndProject
Project("{FAE04EC0-301F-11D3-BF4B-00C04F79EFBC}") = "DevOpsCI", "Src\DevOpsCI\DevOpsCI.csproj", "{1CB96A88-A201-4C56-A157-54AD4281FA71}"
EndProject
Project("{2150E333-8FDC-42A3-9474-1A3956D46DE8}") = "Tst", "Tst", "{486D7D9C-FD71-4239-88F5-45EC56C73B8B}"
EndProject
Project("{FAE04EC0-301F-11D3-BF4B-00C04F79EFBC}") = "DevOpsCI.Test", "Tst\DevOpsCI.Test\DevOpsCI.Test.csproj", "{6FA2875D-BF02-4D9B-A6A6-231D6CDA834F}"
EndProject
Global
	GlobalSection(SolutionConfigurationPlatforms) = preSolution
		Debug|Any CPU = Debug|Any CPU
		Debug|x64 = Debug|x64
		Debug|x86 = Debug|x86
		Release|Any CPU = Release|Any CPU
		Release|x64 = Release|x64
		Release|x86 = Release|x86
	EndGlobalSection
	GlobalSection(SolutionProperties) = preSolution
		HideSolutionNode = FALSE
	EndGlobalSection
	GlobalSection(ProjectConfigurationPlatforms) = postSolution
		{1CB96A88-A201-4C56-A157-54AD4281FA71}.Debug|Any CPU.ActiveCfg = Debug|Any CPU
		{1CB96A88-A201-4C56-A157-54AD4281FA71}.Debug|Any CPU.Build.0 = Debug|Any CPU
		{1CB96A88-A201-4C56-A157-54AD4281FA71}.Debug|x64.ActiveCfg = Debug|Any CPU
		{1CB96A88-A201-4C56-A157-54AD4281FA71}.Debug|x64.Build.0 = Debug|Any CPU
		{1CB96A88-A201-4C56-A157-54AD4281FA71}.Debug|x86.ActiveCfg = Debug|Any CPU
		{1CB96A88-A201-4C56-A157-54AD4281FA71}.Debug|x86.Build.0 = Debug|Any CPU
		{1CB96A88-A201-4C56-A157-54AD4281FA71}.Release|Any CPU.ActiveCfg = Release|Any CPU
		{1CB96A88-A201-4C56-A157-54AD4281FA71}.Release|Any CPU.Build.0 = Release|Any CPU
		{1CB96A88-A201-4C56-A157-54AD4281FA71}.Release|x64.ActiveCfg = Release|Any CPU
		{1CB96A88-A201-4C56-A157-54AD4281FA71}.Release|x64.Build.0 = Release|Any CPU
		{1CB96A88-A201-4C56-A157-54AD4281FA71}.Release|x86.ActiveCfg = Release|Any CPU
		{1CB96A88-A201-4C56-A157-54AD4281FA71}.Release|x86.Build.0 = Release|Any CPU
		{6FA2875D-BF02-4D9B-A6A6-231D6CDA834F}.Debug|Any CPU.ActiveCfg = Debug|Any CPU
		{6FA2875D-BF02-4D9B-A6A6-231D6CDA834F}.Debug|Any CPU.Build.0 = Debug|Any CPU
		{6FA2875D-BF02-4D9B-A6A6-231D6CDA834F}.Debug|x64.ActiveCfg = Debug|Any CPU
		{6FA2875D-BF02-4D9B-A6A6-231D6CDA834F}.Debug|x64.Build.0 = Debug|Any CPU
		{6FA2875D-BF02-4D9B-A6A6-231D6CDA834F}.Debug|x86.ActiveCfg = Debug|Any CPU
		{6FA2875D-BF02-4D9B-A6A6-231D6CDA834F}.Debug|x86.Build.0 = Debug|Any CPU
		{6FA2875D-BF02-4D9B-A6A6-231D6CDA834F}.Release|Any CPU.ActiveCfg = Release|Any CPU
		{6FA2875D-BF02-4D9B-A6A6-231D6CDA834F}.Release|Any CPU.Build.0 = Release|Any CPU
		{6FA2875D-BF02-4D9B-A6A6-231D6CDA834F}.Release|x64.ActiveCfg = Release|Any CPU
		{6FA2875D-BF02-4D9B-A6A6-231D6CDA834F}.Release|x64.Build.0 = Release|Any CPU
		{6FA2875D-BF02-4D9B-A6A6-231D6CDA834F}.Release|x86.ActiveCfg = Release|Any CPU
		{6FA2875D-BF02-4D9B-A6A6-231D6CDA834F}.Release|x86.Build.0 = Release|Any CPU
	EndGlobalSection
	GlobalSection(NestedProjects) = preSolution
		{1CB96A88-A201-4C56-A157-54AD4281FA71} = {A77200D1-DE34-4D74-90E3-D25D97AD194F}
		{6FA2875D-BF02-4D9B-A6A6-231D6CDA834F} = {486D7D9C-FD71-4239-88F5-45EC56C73B8B}
	EndGlobalSection
EndGlobal
